
Microsoft Visual Studio Solution File, Format Version 12.00
# Visual Studio Version 17
VisualStudioVersion = 17.13.35931.197 d17.13
MinimumVisualStudioVersion = 10.0.40219.1
Project("{FAE04EC0-301F-11D3-BF4B-00C04F79EFBC}") = "MoveCircle", "MoveCircle\MoveCircle.csproj", "{15EAD078-4111-4798-B91D-91D1E1EA4E0B}"
EndProject
Global
	GlobalSection(SolutionConfigurationPlatforms) = preSolution
		Debug|Any CPU = Debug|Any CPU
		Release|Any CPU = Release|Any CPU
	EndGlobalSection
	GlobalSection(ProjectConfigurationPlatforms) = postSolution
		{15EAD078-4111-4798-B91D-91D1E1EA4E0B}.Debug|Any CPU.ActiveCfg = Debug|Any CPU
		{15EAD078-4111-4798-B91D-91D1E1EA4E0B}.Debug|Any CPU.Build.0 = Debug|Any CPU
		{15EAD078-4111-4798-B91D-91D1E1EA4E0B}.Release|Any CPU.ActiveCfg = Release|Any CPU
		{15EAD078-4111-4798-B91D-91D1E1EA4E0B}.Release|Any CPU.Build.0 = Release|Any CPU
	EndGlobalSection
	GlobalSection(SolutionProperties) = preSolution
		HideSolutionNode = FALSE
	EndGlobalSection
	GlobalSection(ExtensibilityGlobals) = postSolution
		SolutionGuid = {E6E271F5-D3BA-4BA4-BF98-BB0FA19CC1F3}
	EndGlobalSection
EndGlobal
